{
  "version": 4,
  "terraform_version": "0.12.2",
  "serial": 86,
  "lineage": "5a7466d1-3f28-deb8-90d4-952d0b567a55",
  "outputs": {
    "container_name": {
      "value": "blog_prod",
      "type": "string"
    },
    "ip_address": {
      "value": "172.17.0.2",
      "type": "string"
    }
  },
  "resources": [
    {
      "mode": "managed",
      "type": "docker_image",
      "name": "image_id",
      "provider": "provider.docker",
      "instances": [
        {
          "schema_version": 0,
          "attributes": {
            "id": "sha256:39e74eac9a1ab0086446a2a55bc20c9d19d44b3f8bf77269e4f75200158aebcdghost:latest",
            "keep_locally": null,
            "latest": "sha256:39e74eac9a1ab0086446a2a55bc20c9d19d44b3f8bf77269e4f75200158aebcd",
            "name": "ghost:latest",
            "pull_trigger": null,
            "pull_triggers": null
          },
          "private": "bnVsbA=="
        }
      ]
    }
  ]
}
