{
  "version": 4,
  "terraform_version": "0.12.2",
  "serial": 3,
  "lineage": "9497ee53-29dc-8860-de59-1c9a5f421369",
  "outputs": {
    "container_name": {
      "value": "blog",
      "type": "string"
    },
    "ip": {
      "value": "172.17.0.2",
      "type": "string"
    }
  },
  "resources": [
    {
      "module": "module.container",
      "mode": "managed",
      "type": "docker_container",
      "name": "container_id",
      "provider": "provider.docker",
      "instances": [
        {
          "schema_version": 2,
          "attributes": {
            "attach": false,
            "bridge": "",
            "capabilities": [],
            "command": [
              "node",
              "current/index.js"
            ],
            "container_logs": null,
            "cpu_set": "",
            "cpu_shares": 0,
            "destroy_grace_seconds": null,
            "devices": [],
            "dns": null,
            "dns_opts": null,
            "dns_search": null,
            "domainname": "",
            "entrypoint": [
              "docker-entrypoint.sh"
            ],
            "env": [],
            "exit_code": null,
            "gateway": "172.17.0.1",
            "group_add": null,
            "healthcheck": [],
            "host": [],
            "hostname": "ca8b7839a4b6",
            "id": "ca8b7839a4b6999348cf13c6c2b11babb4768fdc753f1536f1a7dd3a0bb0f78c",
            "image": "sha256:39e74eac9a1ab0086446a2a55bc20c9d19d44b3f8bf77269e4f75200158aebcd",
            "ip_address": "172.17.0.2",
            "ip_prefix_length": 16,
            "ipc_mode": "private",
            "labels": [],
            "links": null,
            "log_driver": "json-file",
            "log_opts": {},
            "logs": false,
            "max_retry_count": 0,
            "memory": 0,
            "memory_swap": 0,
            "mounts": [],
            "must_run": true,
            "name": "blog",
            "network_alias": null,
            "network_data": [
              {
                "gateway": "172.17.0.1",
                "ip_address": "172.17.0.2",
                "ip_prefix_length": 16,
                "network_name": "bridge"
              }
            ],
            "network_mode": "default",
            "networks": null,
            "networks_advanced": [],
            "pid_mode": "",
            "ports": [
              {
                "external": 80,
                "internal": 2368,
                "ip": "0.0.0.0",
                "protocol": "tcp"
              }
            ],
            "privileged": false,
            "publish_all_ports": false,
            "read_only": false,
            "restart": "no",
            "rm": false,
            "shm_size": 64,
            "start": true,
            "sysctls": null,
            "tmpfs": null,
            "ulimit": [],
            "upload": [],
            "user": "",
            "userns_mode": "",
            "volumes": [],
            "working_dir": "/var/lib/ghost"
          },
          "private": "eyJzY2hlbWFfdmVyc2lvbiI6IjIifQ=="
        }
      ]
    },
    {
      "module": "module.image",
      "mode": "managed",
      "type": "docker_image",
      "name": "image_id",
      "provider": "provider.docker",
      "instances": [
        {
          "schema_version": 0,
          "attributes": {
            "id": "sha256:39e74eac9a1ab0086446a2a55bc20c9d19d44b3f8bf77269e4f75200158aebcdghost:latest",
            "keep_locally": null,
            "latest": "sha256:39e74eac9a1ab0086446a2a55bc20c9d19d44b3f8bf77269e4f75200158aebcd",
            "name": "ghost:latest",
            "pull_trigger": null,
            "pull_triggers": null
          },
          "private": "bnVsbA=="
        }
      ]
    }
  ]
}
