{
  "version": 4,
  "terraform_version": "0.12.2",
  "serial": 2,
  "lineage": "f66352d1-31e8-3dae-06d5-e67c8bedfea3",
  "outputs": {
    "image_out": {
      "value": "sha256:4ea9b641c396c5dd1127c8d3aeccdc181074509375b173feab6d465a2bb93820",
      "type": "string"
    }
  },
  "resources": [
    {
      "mode": "managed",
      "type": "docker_image",
      "name": "image_id",
      "provider": "provider.docker",
      "instances": [
        {
          "schema_version": 0,
          "attributes": {
            "id": "sha256:4ea9b641c396c5dd1127c8d3aeccdc181074509375b173feab6d465a2bb93820ghost:alpine",
            "keep_locally": null,
            "latest": "sha256:4ea9b641c396c5dd1127c8d3aeccdc181074509375b173feab6d465a2bb93820",
            "name": "ghost:alpine",
            "pull_trigger": null,
            "pull_triggers": null
          },
          "private": "bnVsbA=="
        }
      ]
    }
  ]
}
